{
  "lockfileVersion": 1,
  "configVersion": 1,
  "workspaces": {
    "": {
      "name": "@anime.club/translations",
      "devDependencies": {
        "@10stars/config": "^15.0.2",
      },
    },
  },
  "packages": {
    "@10stars/config": ["@10stars/config@15.0.3", "", { "dependencies": { "@oxc-node/core": "0.0.35", "@types/node": "^24.0.0", "@types/react": "^19.0.0", "husky": "^9.0.0", "oxfmt": "0.21.0", "oxlint": "1.36.0", "oxlint-tsgolint": "0.10.0", "type-fest": "^5.0.0", "typescript": "~5.9.3" }, "bin": { "config": "src/index.ts" } }, "sha512-PpoX90oVxFTeSWDVv/5SpVExVOSSXrei+09txtdaGRUplvHzSl3lS72v/0cLAf8BxOe7TRDJAqN314Arlt389w=="],

    "@emnapi/core": ["@emnapi/core@1.7.1", "", { "dependencies": { "@emnapi/wasi-threads": "1.1.0", "tslib": "^2.4.0" } }, "sha512-o1uhUASyo921r2XtHYOHy7gdkGLge8ghBEQHMWmyJFoXlpU58kIrhhN3w26lpQb6dspetweapMn2CSNwQ8I4wg=="],

    "@emnapi/runtime": ["@emnapi/runtime@1.7.1", "", { "dependencies": { "tslib": "^2.4.0" } }, "sha512-PVtJr5CmLwYAU9PZDMITZoR5iAOShYREoR45EyyLrbntV50mdePTgUn4AmOw90Ifcj+x2kRjdzr1HP3RrNiHGA=="],

    "@emnapi/wasi-threads": ["@emnapi/wasi-threads@1.1.0", "", { "dependencies": { "tslib": "^2.4.0" } }, "sha512-WI0DdZ8xFSbgMjR1sFsKABJ/C5OnRrjT06JXbZKexJGrDuPTzZdDYfFlsgcCXCyf+suG5QU2e/y1Wo2V/OapLQ=="],

    "@napi-rs/wasm-runtime": ["@napi-rs/wasm-runtime@1.1.1", "", { "dependencies": { "@emnapi/core": "^1.7.1", "@emnapi/runtime": "^1.7.1", "@tybys/wasm-util": "^0.10.1" } }, "sha512-p64ah1M1ld8xjWv3qbvFwHiFVWrq1yFvV4f7w+mzaqiR4IlSgkqhcRdHwsGgomwzBH51sRY4NEowLxnaBjcW/A=="],

    "@oxc-node/core": ["@oxc-node/core@0.0.35", "", { "dependencies": { "pirates": "^4.0.7" }, "optionalDependencies": { "@oxc-node/core-android-arm-eabi": "0.0.35", "@oxc-node/core-android-arm64": "0.0.35", "@oxc-node/core-darwin-arm64": "0.0.35", "@oxc-node/core-darwin-x64": "0.0.35", "@oxc-node/core-freebsd-x64": "0.0.35", "@oxc-node/core-linux-arm-gnueabihf": "0.0.35", "@oxc-node/core-linux-arm64-gnu": "0.0.35", "@oxc-node/core-linux-arm64-musl": "0.0.35", "@oxc-node/core-linux-ppc64-gnu": "0.0.35", "@oxc-node/core-linux-s390x-gnu": "0.0.35", "@oxc-node/core-linux-x64-gnu": "0.0.35", "@oxc-node/core-linux-x64-musl": "0.0.35", "@oxc-node/core-openharmony-arm64": "0.0.35", "@oxc-node/core-wasm32-wasi": "0.0.35", "@oxc-node/core-win32-arm64-msvc": "0.0.35", "@oxc-node/core-win32-ia32-msvc": "0.0.35", "@oxc-node/core-win32-x64-msvc": "0.0.35" } }, "sha512-PV46QRDI2wCDdaPzppEh4UfzFmmpSt+1dX32ooq8RWb0BuWX24+LKYicAmSrsk1ls8JRSkAqiWrjrYFHIGozGg=="],

    "@oxc-node/core-android-arm-eabi": ["@oxc-node/core-android-arm-eabi@0.0.35", "", { "os": "android", "cpu": "arm" }, "sha512-Vgw/DtArB1fZJ7LX4FX7YDpRvWzwv80lFNngTcamS+9Kbd83HpZb6Tg38t6f7Ubyc/+cL0TTMo55Kg8gwnQGHQ=="],

    "@oxc-node/core-android-arm64": ["@oxc-node/core-android-arm64@0.0.35", "", { "os": "android", "cpu": "arm64" }, "sha512-Z/2jKqkTybSDnx2lBb44K0TLD2eUgLMi0te0pp5p5GVnsOZ8A+qSnhZpsPAR8GAbGERdMNOWrDYqj0/VYQt7sQ=="],

    "@oxc-node/core-darwin-arm64": ["@oxc-node/core-darwin-arm64@0.0.35", "", { "os": "darwin", "cpu": "arm64" }, "sha512-aeEG/a1zj8pA6GC0P7NypzdDY0c6AbZOdbxaGl9UQlwGgHmw6sOtq5PJO+7rCvzxUKPxBH9VZOVg0laFcncIFw=="],

    "@oxc-node/core-darwin-x64": ["@oxc-node/core-darwin-x64@0.0.35", "", { "os": "darwin", "cpu": "x64" }, "sha512-MtxGaUR2LBcUmqINyxzSYdx5om9KlFjyvN8cx/NizH6U5nYs7Wh/XAIoGpcQmkK2snT1FsgJeGR9L01Q1oqmng=="],

    "@oxc-node/core-freebsd-x64": ["@oxc-node/core-freebsd-x64@0.0.35", "", { "os": "freebsd", "cpu": "x64" }, "sha512-xsZNqMeavNxi/WTxaQMZj6walhj7skCu36yff5q0RjsV7Dzp3RQ/SYK1t3ydw3cwPz2oZCx0AukAYJAj4i9vdw=="],

    "@oxc-node/core-linux-arm-gnueabihf": ["@oxc-node/core-linux-arm-gnueabihf@0.0.35", "", { "os": "linux", "cpu": "arm" }, "sha512-F+d948mEzQMvcv0BQO3NN4DP0jsJwvvD5VGCFcR2mFa/z6L7UuRkS8yOKnP7tUfZjri7BwxXn37Szj0ZY7pEPA=="],

    "@oxc-node/core-linux-arm64-gnu": ["@oxc-node/core-linux-arm64-gnu@0.0.35", "", { "os": "linux", "cpu": "arm64" }, "sha512-wKbAstp6Ztq5UVBf/csnMTPMef+wGsrNykJCAtJuO/l88Okm4jn6wnhudeD3hf/426Vw93txBS8veqN2JSb6fg=="],

    "@oxc-node/core-linux-arm64-musl": ["@oxc-node/core-linux-arm64-musl@0.0.35", "", { "os": "linux", "cpu": "arm64" }, "sha512-IdLaYnFrDGRICQ86AoEQEv5Rfo//knhg4g9ABy7QE3C231C3YpbgwtY7YH7Qv+xHDuUHnTNo8Lo/iraSIY3tQA=="],

    "@oxc-node/core-linux-ppc64-gnu": ["@oxc-node/core-linux-ppc64-gnu@0.0.35", "", { "os": "linux", "cpu": "ppc64" }, "sha512-yxfWpG2as+al6G9epDvFk8AX1UWy76WlwCP3pUGtpEUGuoAO63JAHUMDSXv1sSd1YatJmRJ75ptexU6c/xMdXg=="],

    "@oxc-node/core-linux-s390x-gnu": ["@oxc-node/core-linux-s390x-gnu@0.0.35", "", { "os": "linux", "cpu": "s390x" }, "sha512-nH3mnP6ger1i4LaroWhvtk3coquNYBJD9eqG3OEuJEFGo1Ao80irFcFoktQCLLq47uomYuNQxNJw5covYNHvLw=="],

    "@oxc-node/core-linux-x64-gnu": ["@oxc-node/core-linux-x64-gnu@0.0.35", "", { "os": "linux", "cpu": "x64" }, "sha512-2VKErkkTxLViK/8xbdRoQ9+sid8ZGRROLkcmMtrggjQLU69EhL0wioUVztnDVjHfOPAN17lEAN7tUgxz+PAxCg=="],

    "@oxc-node/core-linux-x64-musl": ["@oxc-node/core-linux-x64-musl@0.0.35", "", { "os": "linux", "cpu": "x64" }, "sha512-QDDZYWMbwB/1uyn0BPMYeqT6miWQBljzLCYESmsVcaHOps204yKHI1Ezp79n2BiYEghhu9RPWrOd4wZ7+Gqa7Q=="],

    "@oxc-node/core-openharmony-arm64": ["@oxc-node/core-openharmony-arm64@0.0.35", "", { "os": "none", "cpu": "arm64" }, "sha512-ihb0W8mc0iM9SpfFwj9xY/1gVAPv2y7fGuW2w4jWOICCY2enJ8GnY2N9eYloPkHd2/2+S87M63H998psVZQquQ=="],

    "@oxc-node/core-wasm32-wasi": ["@oxc-node/core-wasm32-wasi@0.0.35", "", { "dependencies": { "@napi-rs/wasm-runtime": "^1.0.7" }, "cpu": "none" }, "sha512-GoT1X1Rw3MXbvU25rsqT6gLhl9AKBdLe1ss6pVHxzps0Va6qrSD/2H4alGglUX+qccKcw0kCgJbPKJphM/0CrQ=="],

    "@oxc-node/core-win32-arm64-msvc": ["@oxc-node/core-win32-arm64-msvc@0.0.35", "", { "os": "win32", "cpu": "arm64" }, "sha512-ObSjUyRd5md+hKg4j8ufhjaeXHGm4f+9cz1y20mOHr/HOkBIY6CNoPM7x5JEzZNerVZ9Ye62G6t6HNQZttBjsg=="],

    "@oxc-node/core-win32-ia32-msvc": ["@oxc-node/core-win32-ia32-msvc@0.0.35", "", { "os": "win32", "cpu": "ia32" }, "sha512-ZE7/di30tfhh/2ItgcZim4aPLw1ve+TQrp6oJSqMRyYjq0k1AwFrxIqICbaAG9sk79ap9Sy1icFMfFgSkhnABQ=="],

    "@oxc-node/core-win32-x64-msvc": ["@oxc-node/core-win32-x64-msvc@0.0.35", "", { "os": "win32", "cpu": "x64" }, "sha512-9OyyjY/ECi1icwq32baG0Uct7RuAHbVxzGDffJzNhRtBABpQiIQauoaVuYiSlNecqnA8qFYxh2wxbKaVlsR1YA=="],

    "@oxfmt/darwin-arm64": ["@oxfmt/darwin-arm64@0.21.0", "", { "os": "darwin", "cpu": "arm64" }, "sha512-defgGcchFCq2F7f5Nr3E4VXYW1sUhBGmIejgcPZ1gSsc8FAeT+vP5cSeGnDv+kcX+OKFDt89C67c31qZ6yZBsQ=="],

    "@oxfmt/darwin-x64": ["@oxfmt/darwin-x64@0.21.0", "", { "os": "darwin", "cpu": "x64" }, "sha512-rYJinOZRabPF2V3kn0TWX4vcYHV2F+DkGewNP8HZ/OXQ3CEJKP+E7KCnEz/x614g3/S5J7cahr9l5Mr3AEZigA=="],

    "@oxfmt/linux-arm64-gnu": ["@oxfmt/linux-arm64-gnu@0.21.0", "", { "os": "linux", "cpu": "arm64" }, "sha512-ILTv8stX3r2gK+pgSc2alJrbpI4i8zlLXzuuhUsjeEN/Ti//Z38MDi6kTov3pzcaBEnQ/xEMgQyczokp7jpyyQ=="],

    "@oxfmt/linux-arm64-musl": ["@oxfmt/linux-arm64-musl@0.21.0", "", { "os": "linux", "cpu": "arm64" }, "sha512-kFZ0vPJzsGjkrwq2MPEpp8TjV7/Znv9kCEwLF+HcFwvfcSt75dWloGmTRRrViH0ACaCM7YBSDUOV8E4nyLvxPA=="],

    "@oxfmt/linux-x64-gnu": ["@oxfmt/linux-x64-gnu@0.21.0", "", { "os": "linux", "cpu": "x64" }, "sha512-VH8ZcS2TkTBE0v9cLxjNGX++vB9Xvx/7VTFrbwHYzY/fYypYTwQ+n1KplUQoU+LrMC0nKqwPWYzvA5/cAfo5zg=="],

    "@oxfmt/linux-x64-musl": ["@oxfmt/linux-x64-musl@0.21.0", "", { "os": "linux", "cpu": "x64" }, "sha512-qleaVEFHw/kmbvNj3hjobX1kwbP2/d7SVJzQjyEFULou1v3EZj7jWbblIu7GmDCSspdiEk1j/pZDYH801Dn8QA=="],

    "@oxfmt/win32-arm64": ["@oxfmt/win32-arm64@0.21.0", "", { "os": "win32", "cpu": "arm64" }, "sha512-JLZUo5qEyJfxhoj6KEU/CqI8FQlzIP8rBq7qGTq0kCJ2yZJC9tysBqJYZXvX88ShiNe89/T/H3khodaKGBBNgg=="],

    "@oxfmt/win32-x64": ["@oxfmt/win32-x64@0.21.0", "", { "os": "win32", "cpu": "x64" }, "sha512-DYNpbuPzUhTuWUIqDhwSaV1mK+VcknD4ANaEON+/ygaNGriSZ4pRUt1BTRcXfcOF9GZ4BO9udjv31S0bAEsFeQ=="],

    "@oxlint-tsgolint/darwin-arm64": ["@oxlint-tsgolint/darwin-arm64@0.10.0", "", { "os": "darwin", "cpu": "arm64" }, "sha512-mhBF/pjey0UdLL1ocU46Fqta+uJuRfqrLfDpcViRg17BtDiUNd8JY9iN2FOoS2HGSCAgCUjZ0AZkwkHwFs/VTw=="],

    "@oxlint-tsgolint/darwin-x64": ["@oxlint-tsgolint/darwin-x64@0.10.0", "", { "os": "darwin", "cpu": "x64" }, "sha512-roLi34mw/i1z+NS7luboix55SXyhVv38dNUTcRDkk+0lNPzI9ngrM+1y1N2oBSUmz5o9OZGnfJJ7BSGCw/fFEQ=="],

    "@oxlint-tsgolint/linux-arm64": ["@oxlint-tsgolint/linux-arm64@0.10.0", "", { "os": "linux", "cpu": "arm64" }, "sha512-HL9NThPH1V2F6l9XhwNmhQZUknN4m4yQYEvQFFGfZTYN6cvEEBIiqfF4KvBUg8c0xadMbQlW+Ug7/ybA9Nn+CA=="],

    "@oxlint-tsgolint/linux-x64": ["@oxlint-tsgolint/linux-x64@0.10.0", "", { "os": "linux", "cpu": "x64" }, "sha512-Tw8QNq8ab+4+qE5krvJyMA66v6XE3GoiISRD5WmJ7YOxUnu//jSw/bBm7OYf/TNEZyeV0BTR7zXzhT5R+VFWlQ=="],

    "@oxlint-tsgolint/win32-arm64": ["@oxlint-tsgolint/win32-arm64@0.10.0", "", { "os": "win32", "cpu": "arm64" }, "sha512-LTogmTRwpwQqVaH1Ama8Wd5/VVZWBSF8v5qTbeT628+1F5Kt1V5eHBvyFh4oN18UCZlgqrh7DqkDhsieXUaC8Q=="],

    "@oxlint-tsgolint/win32-x64": ["@oxlint-tsgolint/win32-x64@0.10.0", "", { "os": "win32", "cpu": "x64" }, "sha512-ygqxx8EmNWy9/wCQS5uXq9k/o2EyYNwNxY1ZHNzlmZC/kV06Aemx5OBDafefawBNqH7xTZPfccUrjdiy+QlTrw=="],

    "@oxlint/darwin-arm64": ["@oxlint/darwin-arm64@1.36.0", "", { "os": "darwin", "cpu": "arm64" }, "sha512-MJkj82GH+nhvWKJhSIM6KlZ8tyGKdogSQXtNdpIyP02r/tTayFJQaAEWayG2Jhsn93kske+nimg5MYFhwO/rlg=="],

    "@oxlint/darwin-x64": ["@oxlint/darwin-x64@1.36.0", "", { "os": "darwin", "cpu": "x64" }, "sha512-VvEhfkqj/99dCTqOcfkyFXOSbx4lIy5u2m2GHbK4WCMDySokOcMTNRHGw8fH/WgQ5cDrDMSTYIGQTmnBGi9tiQ=="],

    "@oxlint/linux-arm64-gnu": ["@oxlint/linux-arm64-gnu@1.36.0", "", { "os": "linux", "cpu": "arm64" }, "sha512-EMx92X5q+hHc3olTuj/kgkx9+yP0p/AVs4yvHbUfzZhBekXNpUWxWvg4hIKmQWn+Ee2j4o80/0ACGO0hDYJ9mg=="],

    "@oxlint/linux-arm64-musl": ["@oxlint/linux-arm64-musl@1.36.0", "", { "os": "linux", "cpu": "arm64" }, "sha512-7YCxtrPIctVYLqWrWkk8pahdCxch6PtsaucfMLC7TOlDt4nODhnQd4yzEscKqJ8Gjrw1bF4g+Ngob1gB+Qr9Fw=="],

    "@oxlint/linux-x64-gnu": ["@oxlint/linux-x64-gnu@1.36.0", "", { "os": "linux", "cpu": "x64" }, "sha512-lnaJVlx5r3NWmoOMesfQXJSf78jHTn8Z+sdAf795Kgteo72+qGC1Uax2SToCJVN2J8PNG3oRV5bLriiCNR2i6Q=="],

    "@oxlint/linux-x64-musl": ["@oxlint/linux-x64-musl@1.36.0", "", { "os": "linux", "cpu": "x64" }, "sha512-AhuEU2Qdl66lSfTGu/Htirq8r/8q2YnZoG3yEXLMQWnPMn7efy8spD/N1NA7kH0Hll+cdfwgQkQqC2G4MS2lPQ=="],

    "@oxlint/win32-arm64": ["@oxlint/win32-arm64@1.36.0", "", { "os": "win32", "cpu": "arm64" }, "sha512-GlWCBjUJY2QgvBFuNRkiRJu7K/djLmM0UQKfZV8IN+UXbP/JbjZHWKRdd4LXlQmzoz7M5Hd6p+ElCej8/90FCg=="],

    "@oxlint/win32-x64": ["@oxlint/win32-x64@1.36.0", "", { "os": "win32", "cpu": "x64" }, "sha512-J+Vc00Utcf8p77lZPruQgb0QnQXuKnFogN88kCnOqs2a83I+vTBB8ILr0+L9sTwVRvIDMSC0pLdeQH4svWGFZg=="],

    "@tybys/wasm-util": ["@tybys/wasm-util@0.10.1", "", { "dependencies": { "tslib": "^2.4.0" } }, "sha512-9tTaPJLSiejZKx+Bmog4uSubteqTvFrVrURwkmHixBo0G4seD0zUxp98E1DzUBJxLQ3NPwXrGKDiVjwx/DpPsg=="],

    "@types/node": ["@types/node@24.10.4", "", { "dependencies": { "undici-types": "~7.16.0" } }, "sha512-vnDVpYPMzs4wunl27jHrfmwojOGKya0xyM3sH+UE5iv5uPS6vX7UIoh6m+vQc5LGBq52HBKPIn/zcSZVzeDEZg=="],

    "@types/react": ["@types/react@19.2.7", "", { "dependencies": { "csstype": "^3.2.2" } }, "sha512-MWtvHrGZLFttgeEj28VXHxpmwYbor/ATPYbBfSFZEIRK0ecCFLl2Qo55z52Hss+UV9CRN7trSeq1zbgx7YDWWg=="],

    "csstype": ["csstype@3.2.3", "", {}, "sha512-z1HGKcYy2xA8AGQfwrn0PAy+PB7X/GSj3UVJW9qKyn43xWa+gl5nXmU4qqLMRzWVLFC8KusUX8T/0kCiOYpAIQ=="],

    "husky": ["husky@9.1.7", "", { "bin": { "husky": "bin.js" } }, "sha512-5gs5ytaNjBrh5Ow3zrvdUUY+0VxIuWVL4i9irt6friV+BqdCfmV11CQTWMiBYWHbXhco+J1kHfTOUkePhCDvMA=="],

    "oxfmt": ["oxfmt@0.21.0", "", { "dependencies": { "tinypool": "2.0.0" }, "optionalDependencies": { "@oxfmt/darwin-arm64": "0.21.0", "@oxfmt/darwin-x64": "0.21.0", "@oxfmt/linux-arm64-gnu": "0.21.0", "@oxfmt/linux-arm64-musl": "0.21.0", "@oxfmt/linux-x64-gnu": "0.21.0", "@oxfmt/linux-x64-musl": "0.21.0", "@oxfmt/win32-arm64": "0.21.0", "@oxfmt/win32-x64": "0.21.0" }, "bin": { "oxfmt": "bin/oxfmt" } }, "sha512-EXK5pd1kGbI8hp9Ld69oy/ObAoe+gfH3dYHBviKqwSAHNkAHiqxWF1hnrWj5oun1GnQ8bVpqBMMVXJESMx6/+g=="],

    "oxlint": ["oxlint@1.36.0", "", { "optionalDependencies": { "@oxlint/darwin-arm64": "1.36.0", "@oxlint/darwin-x64": "1.36.0", "@oxlint/linux-arm64-gnu": "1.36.0", "@oxlint/linux-arm64-musl": "1.36.0", "@oxlint/linux-x64-gnu": "1.36.0", "@oxlint/linux-x64-musl": "1.36.0", "@oxlint/win32-arm64": "1.36.0", "@oxlint/win32-x64": "1.36.0" }, "peerDependencies": { "oxlint-tsgolint": ">=0.10.0" }, "optionalPeers": ["oxlint-tsgolint"], "bin": { "oxc_language_server": "bin/oxc_language_server", "oxlint": "bin/oxlint" } }, "sha512-IicUdXfXgI8OKrDPnoSjvBfeEF8PkKtm+CoLlg4LYe4ypc8U+T4r7730XYshdBGZdelg+JRw8GtCb2w/KaaZvw=="],

    "oxlint-tsgolint": ["oxlint-tsgolint@0.10.0", "", { "optionalDependencies": { "@oxlint-tsgolint/darwin-arm64": "0.10.0", "@oxlint-tsgolint/darwin-x64": "0.10.0", "@oxlint-tsgolint/linux-arm64": "0.10.0", "@oxlint-tsgolint/linux-x64": "0.10.0", "@oxlint-tsgolint/win32-arm64": "0.10.0", "@oxlint-tsgolint/win32-x64": "0.10.0" }, "bin": { "tsgolint": "bin/tsgolint.js" } }, "sha512-LDDSIu5J/4D4gFUuQQIEQpAC6maNEbMg4nC8JL/+Pe0cUDR86dtVZ09E2x5MwCh8f9yfktoaxt5x6UIVyzrajg=="],

    "pirates": ["pirates@4.0.7", "", {}, "sha512-TfySrs/5nm8fQJDcBDuUng3VOUKsd7S+zqvbOTiGXHfxX4wK31ard+hoNuvkicM/2YFzlpDgABOevKSsB4G/FA=="],

    "tagged-tag": ["tagged-tag@1.0.0", "", {}, "sha512-yEFYrVhod+hdNyx7g5Bnkkb0G6si8HJurOoOEgC8B/O0uXLHlaey/65KRv6cuWBNhBgHKAROVpc7QyYqE5gFng=="],

    "tinypool": ["tinypool@2.0.0", "", {}, "sha512-/RX9RzeH2xU5ADE7n2Ykvmi9ED3FBGPAjw9u3zucrNNaEBIO0HPSYgL0NT7+3p147ojeSdaVu08F6hjpv31HJg=="],

    "tslib": ["tslib@2.8.1", "", {}, "sha512-oJFu94HQb+KVduSUQL7wnpmqnfmLsOA/nAh6b6EH0wCEoK0/mPeXU6c3wKDV83MkOuHPRHtSXKKU99IBazS/2w=="],

    "type-fest": ["type-fest@5.3.1", "", { "dependencies": { "tagged-tag": "^1.0.0" } }, "sha512-VCn+LMHbd4t6sF3wfU/+HKT63C9OoyrSIf4b+vtWHpt2U7/4InZG467YDNMFMR70DdHjAdpPWmw2lzRdg0Xqqg=="],

    "typescript": ["typescript@5.9.3", "", { "bin": { "tsc": "bin/tsc", "tsserver": "bin/tsserver" } }, "sha512-jl1vZzPDinLr9eUt3J/t7V6FgNEw9QjvBPdysz9KfQDD41fQrC2Y4vKQdiaUpFT4bXlb1RHhLpp8wtm6M5TgSw=="],

    "undici-types": ["undici-types@7.16.0", "", {}, "sha512-Zz+aZWSj8LE6zoxD+xrjh4VfkIG8Ya6LvYkZqtUQGJPZjYl53ypCaUwWqo7eI0x66KBGeRo+mlBEkMSeSZ38Nw=="],
  }
}
